# THIS IS AN AUTOGENERATED FILE. DO NOT EDIT THIS FILE DIRECTLY.
# yarn lockfile v1


"@ant-design/colors@^7.0.0", "@ant-design/colors@^7.1.0":
  version "7.1.0"
  resolved "https://registry.npmmirror.com/@ant-design/colors/-/colors-7.1.0.tgz#60eadfa2e21871d8948dac5d50b9f056062f8af3"
  integrity sha512-MMoDGWn1y9LdQJQSHiCC20x3uZ3CwQnv9QMz6pCmJOrqdgM9YxsoVVY0wtrdXbmfSgnV0KNk6zi09NAhMR2jvg==
  dependencies:
    "@ctrl/tinycolor" "^3.6.1"

"@ant-design/cssinjs-utils@^1.1.1":
  version "1.1.1"
  resolved "https://registry.npmmirror.com/@ant-design/cssinjs-utils/-/cssinjs-utils-1.1.1.tgz#57abb43671023f937348bd33442862c60ac8e8b2"
  integrity sha512-2HAiyGGGnM0es40SxdszeQAU5iWp41wBIInq+ONTCKjlSKOrzQfnw4JDtB8IBmqE6tQaEKwmzTP2LGdt5DSwYQ==
  dependencies:
    "@ant-design/cssinjs" "^1.21.0"
    "@babel/runtime" "^7.23.2"
    rc-util "^5.38.0"

"@ant-design/cssinjs@^1.21.0", "@ant-design/cssinjs@^1.21.1":
  version "1.22.0"
  resolved "https://registry.npmmirror.com/@ant-design/cssinjs/-/cssinjs-1.22.0.tgz#c2eea2490d2405e55c64f3c1af1e09524d62a228"
  integrity sha512-W9XSFeRPR0mAN3OuxfuS/xhENCYKf+8s+QyNNER0FSWoK9OpISTag6CCweg6lq0hASQ/2Vcza0Z8/kGivCP0Ng==
  dependencies:
    "@babel/runtime" "^7.11.1"
    "@emotion/hash" "^0.8.0"
    "@emotion/unitless" "^0.7.5"
    classnames "^2.3.1"
    csstype "^3.1.3"
    rc-util "^5.35.0"
    stylis "^4.3.4"

"@ant-design/fast-color@^2.0.6":
  version "2.0.6"
  resolved "https://registry.npmmirror.com/@ant-design/fast-color/-/fast-color-2.0.6.tgz#ab4d4455c1542c9017d367c2fa8ca3e4215d0ba2"
  integrity sha512-y2217gk4NqL35giHl72o6Zzqji9O7vHh9YmhUVkPtAOpoTCH4uWxo/pr4VE8t0+ChEPs0qo4eJRC5Q1eXWo3vA==
  dependencies:
    "@babel/runtime" "^7.24.7"

"@ant-design/icons-svg@^4.4.0":
  version "4.4.2"
  resolved "https://registry.npmmirror.com/@ant-design/icons-svg/-/icons-svg-4.4.2.tgz#ed2be7fb4d82ac7e1d45a54a5b06d6cecf8be6f6"
  integrity sha512-vHbT+zJEVzllwP+CM+ul7reTEfBR0vgxFe7+lREAsAA7YGsYpboiq2sQNeQeRvh09GfQgs/GyFEvZpJ9cLXpXA==

"@ant-design/icons@^5.0.0", "@ant-design/icons@^5.5.1":
  version "5.5.1"
  resolved "https://registry.npmmirror.com/@ant-design/icons/-/icons-5.5.1.tgz#4ff57b2a0d3bafae3d990c2781fd857ead36c935"
  integrity sha512-0UrM02MA2iDIgvLatWrj6YTCYe0F/cwXvVE0E2SqGrL7PZireQwgEKTKBisWpZyal5eXZLvuM98kju6YtYne8w==
  dependencies:
    "@ant-design/colors" "^7.0.0"
    "@ant-design/icons-svg" "^4.4.0"
    "@babel/runtime" "^7.24.8"
    classnames "^2.2.6"
    rc-util "^5.31.1"

"@ant-design/pro-card@2.9.2":
  version "2.9.2"
  resolved "https://registry.npmmirror.com/@ant-design/pro-card/-/pro-card-2.9.2.tgz#48791db7fa39f352d31f1ee2010db00b62fc9801"
  integrity sha512-mKOmNb7jc3Pz41RrPY7EFKRWBjLdN4tp9yzmRkS2g8K7P3pW435f7Ip6rc+58FWDzbZa8lElTGPxAoFB/dq7LA==
  dependencies:
    "@ant-design/cssinjs" "^1.21.1"
    "@ant-design/icons" "^5.0.0"
    "@ant-design/pro-provider" "2.15.2"
    "@ant-design/pro-utils" "2.16.2"
    "@babel/runtime" "^7.18.0"
    classnames "^2.3.2"
    omit.js "^2.0.2"
    rc-resize-observer "^1.0.0"
    rc-util "^5.4.0"

"@ant-design/pro-field@2.17.2":
  version "2.17.2"
  resolved "https://registry.npmmirror.com/@ant-design/pro-field/-/pro-field-2.17.2.tgz#425c9bcce05aeaf92932de53f306dde962fdf3c7"
  integrity sha512-cebfWGaE6MYwfchXpU9xA6jPETZOvk3i9+1IvebjSEKKVXecXuA+muZorpwYzORmkgGBmSPyR0KW+6Ttgtmg9Q==
  dependencies:
    "@ant-design/icons" "^5.0.0"
    "@ant-design/pro-provider" "2.15.2"
    "@ant-design/pro-utils" "2.16.2"
    "@babel/runtime" "^7.18.0"
    "@chenshuai2144/sketch-color" "^1.0.8"
    classnames "^2.3.2"
    dayjs "^1.11.10"
    lodash "^4.17.21"
    lodash-es "^4.17.21"
    omit.js "^2.0.2"
    rc-util "^5.4.0"
    swr "^2.0.0"

"@ant-design/pro-form@2.31.2":
  version "2.31.2"
  resolved "https://registry.npmmirror.com/@ant-design/pro-form/-/pro-form-2.31.2.tgz#4fa9f28a0a91079a0b228ecfc00777a90783f62e"
  integrity sha512-fzchlk+vGi8rCpmC62/SrikuwC2ZpyKnvNVAyihPCNe9oyyv+LD2TZAD0fbshfifP/1aHOOtS4fb7ptYq+LarQ==
  dependencies:
    "@ant-design/icons" "^5.0.0"
    "@ant-design/pro-field" "2.17.2"
    "@ant-design/pro-provider" "2.15.2"
    "@ant-design/pro-utils" "2.16.2"
    "@babel/runtime" "^7.18.0"
    "@chenshuai2144/sketch-color" "^1.0.7"
    "@umijs/use-params" "^1.0.9"
    classnames "^2.3.2"
    dayjs "^1.11.10"
    lodash "^4.17.21"
    lodash-es "^4.17.21"
    omit.js "^2.0.2"
    rc-resize-observer "^1.1.0"
    rc-util "^5.0.6"

"@ant-design/pro-provider@2.15.2":
  version "2.15.2"
  resolved "https://registry.npmmirror.com/@ant-design/pro-provider/-/pro-provider-2.15.2.tgz#965aa54222eea476ee06e9b1eb0c1c081c252cde"
  integrity sha512-7WSJcjYIuLwco1YiiSgEEJnrqvg7x/YZap8pxOChRnyNh9S3HuV1D5HTc18kfHTpWqZWTAUcS66b0kMP96uKrw==
  dependencies:
    "@ant-design/cssinjs" "^1.21.1"
    "@babel/runtime" "^7.18.0"
    "@ctrl/tinycolor" "^3.4.0"
    dayjs "^1.11.10"
    rc-util "^5.0.1"
    swr "^2.0.0"

"@ant-design/pro-table@^3.18.2":
  version "3.18.2"
  resolved "https://registry.npmmirror.com/@ant-design/pro-table/-/pro-table-3.18.2.tgz#e30c4dbb53b9136612c01ad7994eddfd0137844d"
  integrity sha512-IIhWXvpBfdy1hqh0qYQOou6tDawrisFYwFhYdiMwuCnvy7UvaHi/JS4yikMe+KG0XVdh6xxfrF1Ad39SR8CrxQ==
  dependencies:
    "@ant-design/cssinjs" "^1.21.1"
    "@ant-design/icons" "^5.0.0"
    "@ant-design/pro-card" "2.9.2"
    "@ant-design/pro-field" "2.17.2"
    "@ant-design/pro-form" "2.31.2"
    "@ant-design/pro-provider" "2.15.2"
    "@ant-design/pro-utils" "2.16.2"
    "@babel/runtime" "^7.18.0"
    "@dnd-kit/core" "^6.0.8"
    "@dnd-kit/modifiers" "^6.0.1"
    "@dnd-kit/sortable" "^7.0.2"
    "@dnd-kit/utilities" "^3.2.1"
    classnames "^2.3.2"
    dayjs "^1.11.10"
    lodash "^4.17.21"
    lodash-es "^4.17.21"
    omit.js "^2.0.2"
    rc-resize-observer "^1.0.0"
    rc-util "^5.0.1"

"@ant-design/pro-utils@2.16.2":
  version "2.16.2"
  resolved "https://registry.npmmirror.com/@ant-design/pro-utils/-/pro-utils-2.16.2.tgz#d23ae1e192515cbc26a6b7b7a83da247f5d1ecd3"
  integrity sha512-ama73ZSzz9O6Qz6DvHd6cnyUA3vI7N+AAl5BV5plijujtnXpNC8KJMXl9jOI1K7QuUVJgJIKbZ2DVm8LnBcTAQ==
  dependencies:
    "@ant-design/icons" "^5.0.0"
    "@ant-design/pro-provider" "2.15.2"
    "@babel/runtime" "^7.18.0"
    classnames "^2.3.2"
    dayjs "^1.11.10"
    lodash "^4.17.21"
    lodash-es "^4.17.21"
    rc-util "^5.0.6"
    safe-stable-stringify "^2.4.3"
    swr "^2.0.0"

"@ant-design/react-slick@~1.1.2":
  version "1.1.2"
  resolved "https://registry.npmmirror.com/@ant-design/react-slick/-/react-slick-1.1.2.tgz#f84ce3e4d0dc941f02b16f1d1d6d7a371ffbb4f1"
  integrity sha512-EzlvzE6xQUBrZuuhSAFTdsr4P2bBBHGZwKFemEfq8gIGyIQCxalYfZW/T2ORbtQx5rU69o+WycP3exY/7T1hGA==
  dependencies:
    "@babel/runtime" "^7.10.4"
    classnames "^2.2.5"
    json2mq "^0.2.0"
    resize-observer-polyfill "^1.5.1"
    throttle-debounce "^5.0.0"

"@babel/runtime@^7.10.1", "@babel/runtime@^7.10.4", "@babel/runtime@^7.11.1", "@babel/runtime@^7.11.2", "@babel/runtime@^7.16.7", "@babel/runtime@^7.18.0", "@babel/runtime@^7.18.3", "@babel/runtime@^7.20.0", "@babel/runtime@^7.20.7", "@babel/runtime@^7.21.0", "@babel/runtime@^7.22.5", "@babel/runtime@^7.23.2", "@babel/runtime@^7.23.6", "@babel/runtime@^7.23.9", "@babel/runtime@^7.24.4", "@babel/runtime@^7.24.7", "@babel/runtime@^7.24.8", "@babel/runtime@^7.25.7":
  version "7.26.0"
  resolved "https://registry.npmmirror.com/@babel/runtime/-/runtime-7.26.0.tgz#8600c2f595f277c60815256418b85356a65173c1"
  integrity sha512-FDSOghenHTiToteC/QRlv2q3DhPZ/oOXTBoirfWNx1Cx3TMVcGWQtMMmQcSvb/JjpNeGzx8Pq/b4fKEJuWm1sw==
  dependencies:
    regenerator-runtime "^0.14.0"

"@chenshuai2144/sketch-color@^1.0.7", "@chenshuai2144/sketch-color@^1.0.8":
  version "1.0.9"
  resolved "https://registry.npmmirror.com/@chenshuai2144/sketch-color/-/sketch-color-1.0.9.tgz#41144e2d9656bff2143516d4e8e62e5003bd466a"
  integrity sha512-obzSy26cb7Pm7OprWyVpgMpIlrZpZ0B7vbrU0RMbvRg0YAI890S5Xy02Aj1Nhl4+KTbi1lVYHt6HQP8Hm9s+1w==
  dependencies:
    reactcss "^1.2.3"
    tinycolor2 "^1.4.2"

"@ctrl/tinycolor@^3.4.0", "@ctrl/tinycolor@^3.6.1":
  version "3.6.1"
  resolved "https://registry.npmmirror.com/@ctrl/tinycolor/-/tinycolor-3.6.1.tgz#b6c75a56a1947cc916ea058772d666a2c8932f31"
  integrity sha512-SITSV6aIXsuVNV3f3O0f2n/cgyEDWoSqtZMYiAmcsYHydcKrOz3gUxB/iXd/Qf08+IZX4KpgNbvUdMBmWz+kcA==

"@dnd-kit/accessibility@^3.1.0":
  version "3.1.0"
  resolved "https://registry.npmmirror.com/@dnd-kit/accessibility/-/accessibility-3.1.0.tgz#1054e19be276b5f1154ced7947fc0cb5d99192e0"
  integrity sha512-ea7IkhKvlJUv9iSHJOnxinBcoOI3ppGnnL+VDJ75O45Nss6HtZd8IdN8touXPDtASfeI2T2LImb8VOZcL47wjQ==
  dependencies:
    tslib "^2.0.0"

"@dnd-kit/core@^6.0.8":
  version "6.1.0"
  resolved "https://registry.npmmirror.com/@dnd-kit/core/-/core-6.1.0.tgz#e81a3d10d9eca5d3b01cbf054171273a3fe01def"
  integrity sha512-J3cQBClB4TVxwGo3KEjssGEXNJqGVWx17aRTZ1ob0FliR5IjYgTxl5YJbKTzA6IzrtelotH19v6y7uoIRUZPSg==
  dependencies:
    "@dnd-kit/accessibility" "^3.1.0"
    "@dnd-kit/utilities" "^3.2.2"
    tslib "^2.0.0"

"@dnd-kit/modifiers@^6.0.1":
  version "6.0.1"
  resolved "https://registry.npmmirror.com/@dnd-kit/modifiers/-/modifiers-6.0.1.tgz#9e39b25fd6e323659604cc74488fe044d33188c8"
  integrity sha512-rbxcsg3HhzlcMHVHWDuh9LCjpOVAgqbV78wLGI8tziXY3+qcMQ61qVXIvNKQFuhj75dSfD+o+PYZQ/NUk2A23A==
  dependencies:
    "@dnd-kit/utilities" "^3.2.1"
    tslib "^2.0.0"

"@dnd-kit/sortable@^7.0.2":
  version "7.0.2"
  resolved "https://registry.npmmirror.com/@dnd-kit/sortable/-/sortable-7.0.2.tgz#791d550872457f3f3c843e00d159b640f982011c"
  integrity sha512-wDkBHHf9iCi1veM834Gbk1429bd4lHX4RpAwT0y2cHLf246GAvU2sVw/oxWNpPKQNQRQaeGXhAVgrOl1IT+iyA==
  dependencies:
    "@dnd-kit/utilities" "^3.2.0"
    tslib "^2.0.0"

"@dnd-kit/utilities@^3.2.0", "@dnd-kit/utilities@^3.2.1", "@dnd-kit/utilities@^3.2.2":
  version "3.2.2"
  resolved "https://registry.npmmirror.com/@dnd-kit/utilities/-/utilities-3.2.2.tgz#5a32b6af356dc5f74d61b37d6f7129a4040ced7b"
  integrity sha512-+MKAJEOfaBe5SmV6t34p80MMKhjvUz0vRrvVJbPT0WElzaOJ/1xs+D+KDv+tD/NE5ujfrChEcshd4fLn0wpiqg==
  dependencies:
    tslib "^2.0.0"

"@emotion/hash@^0.8.0":
  version "0.8.0"
  resolved "https://registry.npmmirror.com/@emotion/hash/-/hash-0.8.0.tgz#bbbff68978fefdbe68ccb533bc8cbe1d1afb5413"
  integrity sha512-kBJtf7PH6aWwZ6fka3zQ0p6SBYzx4fl1LoZXE2RrnYST9Xljm7WfKJrU4g/Xr3Beg72MLrp1AWNUmuYJTL7Cow==

"@emotion/unitless@^0.7.5":
  version "0.7.5"
  resolved "https://registry.npmmirror.com/@emotion/unitless/-/unitless-0.7.5.tgz#77211291c1900a700b8a78cfafda3160d76949ed"
  integrity sha512-OWORNpfjMsSSUBVrRBVGECkhWcULOAJz9ZW8uK9qgxD+87M7jHRcvh/A96XXNhXTLmKcoYSQtBEX7lHMO7YRwg==

"@rc-component/async-validator@^5.0.3":
  version "5.0.4"
  resolved "https://registry.npmmirror.com/@rc-component/async-validator/-/async-validator-5.0.4.tgz#5291ad92f00a14b6766fc81735c234277f83e948"
  integrity sha512-qgGdcVIF604M9EqjNF0hbUTz42bz/RDtxWdWuU5EQe3hi7M8ob54B6B35rOsvX5eSvIHIzT9iH1R3n+hk3CGfg==
  dependencies:
    "@babel/runtime" "^7.24.4"

"@rc-component/color-picker@~2.0.1":
  version "2.0.1"
  resolved "https://registry.npmmirror.com/@rc-component/color-picker/-/color-picker-2.0.1.tgz#6b9b96152466a9d4475cbe72b40b594bfda164be"
  integrity sha512-WcZYwAThV/b2GISQ8F+7650r5ZZJ043E57aVBFkQ+kSY4C6wdofXgB0hBx+GPGpIU0Z81eETNoDUJMr7oy/P8Q==
  dependencies:
    "@ant-design/fast-color" "^2.0.6"
    "@babel/runtime" "^7.23.6"
    classnames "^2.2.6"
    rc-util "^5.38.1"

"@rc-component/context@^1.4.0":
  version "1.4.0"
  resolved "https://registry.npmmirror.com/@rc-component/context/-/context-1.4.0.tgz#dc6fb021d6773546af8f016ae4ce9aea088395e8"
  integrity sha512-kFcNxg9oLRMoL3qki0OMxK+7g5mypjgaaJp/pkOis/6rVxma9nJBF/8kCIuTYHUQNr0ii7MxqE33wirPZLJQ2w==
  dependencies:
    "@babel/runtime" "^7.10.1"
    rc-util "^5.27.0"

"@rc-component/mini-decimal@^1.0.1":
  version "1.1.0"
  resolved "https://registry.npmmirror.com/@rc-component/mini-decimal/-/mini-decimal-1.1.0.tgz#7b7a362b14a0a54cb5bc6fd2b82731f29f11d9b0"
  integrity sha512-jS4E7T9Li2GuYwI6PyiVXmxTiM6b07rlD9Ge8uGZSCz3WlzcG5ZK7g5bbuKNeZ9pgUuPK/5guV781ujdVpm4HQ==
  dependencies:
    "@babel/runtime" "^7.18.0"

"@rc-component/mutate-observer@^1.1.0":
  version "1.1.0"
  resolved "https://registry.npmmirror.com/@rc-component/mutate-observer/-/mutate-observer-1.1.0.tgz#ee53cc88b78aade3cd0653609215a44779386fd8"
  integrity sha512-QjrOsDXQusNwGZPf4/qRQasg7UFEj06XiCJ8iuiq/Io7CrHrgVi6Uuetw60WAMG1799v+aM8kyc+1L/GBbHSlw==
  dependencies:
    "@babel/runtime" "^7.18.0"
    classnames "^2.3.2"
    rc-util "^5.24.4"

"@rc-component/portal@^1.0.0-8", "@rc-component/portal@^1.0.0-9", "@rc-component/portal@^1.0.2", "@rc-component/portal@^1.1.0", "@rc-component/portal@^1.1.1":
  version "1.1.2"
  resolved "https://registry.npmmirror.com/@rc-component/portal/-/portal-1.1.2.tgz#55db1e51d784e034442e9700536faaa6ab63fc71"
  integrity sha512-6f813C0IsasTZms08kfA8kPAGxbbkYToa8ALaiDIGGECU4i9hj8Plgbx0sNJDrey3EtHO30hmdaxtT0138xZcg==
  dependencies:
    "@babel/runtime" "^7.18.0"
    classnames "^2.3.2"
    rc-util "^5.24.4"

"@rc-component/qrcode@~1.0.0":
  version "1.0.0"
  resolved "https://registry.npmmirror.com/@rc-component/qrcode/-/qrcode-1.0.0.tgz#48a8de5eb11d0e65926f1377c4b1ef4c888997f5"
  integrity sha512-L+rZ4HXP2sJ1gHMGHjsg9jlYBX/SLN2D6OxP9Zn3qgtpMWtO2vUfxVFwiogHpAIqs54FnALxraUy/BCO1yRIgg==
  dependencies:
    "@babel/runtime" "^7.24.7"
    classnames "^2.3.2"
    rc-util "^5.38.0"

"@rc-component/tour@~1.15.1":
  version "1.15.1"
  resolved "https://registry.npmmirror.com/@rc-component/tour/-/tour-1.15.1.tgz#9b79808254185fc19e964172d99e25e8c6800ded"
  integrity sha512-Tr2t7J1DKZUpfJuDZWHxyxWpfmj8EZrqSgyMZ+BCdvKZ6r1UDsfU46M/iWAAFBy961Ssfom2kv5f3UcjIL2CmQ==
  dependencies:
    "@babel/runtime" "^7.18.0"
    "@rc-component/portal" "^1.0.0-9"
    "@rc-component/trigger" "^2.0.0"
    classnames "^2.3.2"
    rc-util "^5.24.4"

"@rc-component/trigger@^2.0.0", "@rc-component/trigger@^2.1.1", "@rc-component/trigger@^2.2.5":
  version "2.2.5"
  resolved "https://registry.npmmirror.com/@rc-component/trigger/-/trigger-2.2.5.tgz#5ebe383e563e667b3fa24b6b32afedbab378a92e"
  integrity sha512-F1EJ4KjFpGAHAjuKvOyZB/6IZDkVx0bHl0M4fQM5wXcmm7lgTgVSSnR3bXwdmS6jOJGHOqfDxIJW3WUvwMIXhQ==
  dependencies:
    "@babel/runtime" "^7.23.2"
    "@rc-component/portal" "^1.1.0"
    classnames "^2.3.2"
    rc-motion "^2.0.0"
    rc-resize-observer "^1.3.1"
    rc-util "^5.38.0"

"@umijs/use-params@^1.0.9":
  version "1.0.9"
  resolved "https://registry.npmmirror.com/@umijs/use-params/-/use-params-1.0.9.tgz#0ae4a87f4922d8e8e3fb4495b0f8f4de9ca38c52"
  integrity sha512-QlN0RJSBVQBwLRNxbxjQ5qzqYIGn+K7USppMoIOVlf7fxXHsnQZ2bEsa6Pm74bt6DVQxpUE8HqvdStn6Y9FV1w==

"@yd/antd-pro@https://github.com/herowyd1994/yd-antd-pro.git":
  version "1.0.1"
  resolved "https://github.com/herowyd1994/yd-antd-pro.git#81bd493d0ea50818c67bcbcbadac6079c6e448dc"
  dependencies:
    "@yd/fetch" "https://github.com/herowyd1994/yd-fetch.git"
    "@yd/r-hooks" "https://github.com/herowyd1994/yd-r-hooks.git"
    "@yd/utils" "https://github.com/herowyd1994/yd-utils.git"

"@yd/fetch@https://github.com/herowyd1994/yd-fetch.git":
  version "1.0.1"
  resolved "https://github.com/herowyd1994/yd-fetch.git#7cb42db0c07390e9e8e7dc4e2eb884c3eadf2b80"
  dependencies:
    "@yd/utils" "https://github.com/herowyd1994/yd-utils.git"

"@yd/r-hooks@https://github.com/herowyd1994/yd-r-hooks.git":
  version "1.0.1"
  resolved "https://github.com/herowyd1994/yd-r-hooks.git#c90f2237a3a695b2bac8195aa0be7122ed64da28"
  dependencies:
    "@yd/utils" "https://github.com/herowyd1994/yd-utils.git"

"@yd/utils@https://github.com/herowyd1994/yd-utils.git":
  version "1.0.1"
  resolved "https://github.com/herowyd1994/yd-utils.git#34ef0d1255457f5b86a9176ece2c884993270a97"

adler-32@~1.3.0:
  version "1.3.1"
  resolved "https://registry.npmmirror.com/adler-32/-/adler-32-1.3.1.tgz#1dbf0b36dda0012189a32b3679061932df1821e2"
  integrity sha512-ynZ4w/nUUv5rrsR8UUGoe1VC9hZj6V5hU9Qw1HlMDJGEJw5S7TfTErWTjMys6M7vr0YWcPqs3qAr4ss0nDfP+A==

antd@^5.22.2:
  version "5.22.2"
  resolved "https://registry.npmmirror.com/antd/-/antd-5.22.2.tgz#9f5d38c09685c018c368329f1a1107d5417536d6"
  integrity sha512-vihhiJbm9VG3d6boUeD1q2MXMax+qBrXhgqCEC+45v8iGUF6m4Ct+lFiCW4oWaN3EABOsbVA6Svy3Rj/QkQFKw==
  dependencies:
    "@ant-design/colors" "^7.1.0"
    "@ant-design/cssinjs" "^1.21.1"
    "@ant-design/cssinjs-utils" "^1.1.1"
    "@ant-design/icons" "^5.5.1"
    "@ant-design/react-slick" "~1.1.2"
    "@babel/runtime" "^7.25.7"
    "@ctrl/tinycolor" "^3.6.1"
    "@rc-component/color-picker" "~2.0.1"
    "@rc-component/mutate-observer" "^1.1.0"
    "@rc-component/qrcode" "~1.0.0"
    "@rc-component/tour" "~1.15.1"
    "@rc-component/trigger" "^2.2.5"
    classnames "^2.5.1"
    copy-to-clipboard "^3.3.3"
    dayjs "^1.11.11"
    rc-cascader "~3.30.0"
    rc-checkbox "~3.3.0"
    rc-collapse "~3.9.0"
    rc-dialog "~9.6.0"
    rc-drawer "~7.2.0"
    rc-dropdown "~4.2.0"
    rc-field-form "~2.5.1"
    rc-image "~7.11.0"
    rc-input "~1.6.3"
    rc-input-number "~9.3.0"
    rc-mentions "~2.17.0"
    rc-menu "~9.16.0"
    rc-motion "^2.9.3"
    rc-notification "~5.6.2"
    rc-pagination "~4.3.0"
    rc-picker "~4.8.1"
    rc-progress "~4.0.0"
    rc-rate "~2.13.0"
    rc-resize-observer "^1.4.0"
    rc-segmented "~2.5.0"
    rc-select "~14.16.3"
    rc-slider "~11.1.7"
    rc-steps "~6.0.1"
    rc-switch "~4.1.0"
    rc-table "~7.48.1"
    rc-tabs "~15.4.0"
    rc-textarea "~1.8.2"
    rc-tooltip "~6.2.1"
    rc-tree "~5.10.1"
    rc-tree-select "~5.24.4"
    rc-upload "~4.8.1"
    rc-util "^5.43.0"
    scroll-into-view-if-needed "^3.1.0"
    throttle-debounce "^5.0.2"

cfb@~1.2.1:
  version "1.2.2"
  resolved "https://registry.npmmirror.com/cfb/-/cfb-1.2.2.tgz#94e687628c700e5155436dac05f74e08df23bc44"
  integrity sha512-KfdUZsSOw19/ObEWasvBP/Ac4reZvAGauZhs6S/gqNhXhI7cKwvlH7ulj+dOEYnca4bm4SGo8C1bTAQvnTjgQA==
  dependencies:
    adler-32 "~1.3.0"
    crc-32 "~1.2.0"

classnames@2.x, classnames@^2.2.1, classnames@^2.2.3, classnames@^2.2.5, classnames@^2.2.6, classnames@^2.3.1, classnames@^2.3.2, classnames@^2.5.1:
  version "2.5.1"
  resolved "https://registry.npmmirror.com/classnames/-/classnames-2.5.1.tgz#ba774c614be0f016da105c858e7159eae8e7687b"
  integrity sha512-saHYOzhIQs6wy2sVxTM6bUDsQO4F50V9RQ22qBpEdCW+I+/Wmke2HOl6lS6dTpdxVhb88/I6+Hs+438c3lfUow==

client-only@^0.0.1:
  version "0.0.1"
  resolved "https://registry.npmmirror.com/client-only/-/client-only-0.0.1.tgz#38bba5d403c41ab150bff64a95c85013cf73bca1"
  integrity sha512-IV3Ou0jSMzZrd3pZ48nLkT9DA7Ag1pnPzaiQhpW7c3RbcqqzvzzVu+L8gfqMp/8IM2MQtSiqaCxrrcfu8I8rMA==

codepage@~1.15.0:
  version "1.15.0"
  resolved "https://registry.npmmirror.com/codepage/-/codepage-1.15.0.tgz#2e00519024b39424ec66eeb3ec07227e692618ab"
  integrity sha512-3g6NUTPd/YtuuGrhMnOMRjFc+LJw/bnMp3+0r/Wcz3IXUuCosKRJvMphm5+Q+bvTVGcJJuRvVLuYba+WojaFaA==

compute-scroll-into-view@^3.0.2:
  version "3.1.0"
  resolved "https://registry.npmmirror.com/compute-scroll-into-view/-/compute-scroll-into-view-3.1.0.tgz#753f11d972596558d8fe7c6bcbc8497690ab4c87"
  integrity sha512-rj8l8pD4bJ1nx+dAkMhV1xB5RuZEyVysfxJqB1pRchh1KVvwOv9b7CGB8ZfjTImVv2oF+sYMUkMZq6Na5Ftmbg==

copy-to-clipboard@^3.3.3:
  version "3.3.3"
  resolved "https://registry.npmmirror.com/copy-to-clipboard/-/copy-to-clipboard-3.3.3.tgz#55ac43a1db8ae639a4bd99511c148cdd1b83a1b0"
  integrity sha512-2KV8NhB5JqC3ky0r9PMCAZKbUHSwtEo4CwCs0KXgruG43gX5PMqDEBbVU4OUzw2MuAWUfsuFmWvEKG5QRfSnJA==
  dependencies:
    toggle-selection "^1.0.6"

crc-32@~1.2.0, crc-32@~1.2.1:
  version "1.2.2"
  resolved "https://registry.npmmirror.com/crc-32/-/crc-32-1.2.2.tgz#3cad35a934b8bf71f25ca524b6da51fb7eace2ff"
  integrity sha512-ROmzCKrTnOwybPcJApAA6WBWij23HVfGVNKqqrZpuyZOHqK2CwHSvpGuyt/UNNvaIjEd8X5IFGp4Mh+Ie1IHJQ==

csstype@^3.1.3:
  version "3.1.3"
  resolved "https://registry.npmmirror.com/csstype/-/csstype-3.1.3.tgz#d80ff294d114fb0e6ac500fbf85b60137d7eff81"
  integrity sha512-M1uQkMl8rQK/szD0LNhtqxIPLpimGm8sOBwU7lLnCpSbTyY3yeU1Vc7l4KT5zT4s/yOxHH5O7tIuuLOCnLADRw==

dayjs@^1.11.10, dayjs@^1.11.11:
  version "1.11.13"
  resolved "https://registry.npmmirror.com/dayjs/-/dayjs-1.11.13.tgz#92430b0139055c3ebb60150aa13e860a4b5a366c"
  integrity sha512-oaMBel6gjolK862uaPQOVTA7q3TZhuSvuMQAAglQDOWYO9A91IrAOUJEyKVlqJlHE0vq5p5UXxzdPfMH/x6xNg==

frac@~1.1.2:
  version "1.1.2"
  resolved "https://registry.npmmirror.com/frac/-/frac-1.1.2.tgz#3d74f7f6478c88a1b5020306d747dc6313c74d0b"
  integrity sha512-w/XBfkibaTl3YDqASwfDUqkna4Z2p9cFSr1aHDt0WoMTECnRfBOv2WArlZILlqgWlmdIlALXGpM2AOhEk5W3IA==

json2mq@^0.2.0:
  version "0.2.0"
  resolved "https://registry.npmmirror.com/json2mq/-/json2mq-0.2.0.tgz#b637bd3ba9eabe122c83e9720483aeb10d2c904a"
  integrity sha512-SzoRg7ux5DWTII9J2qkrZrqV1gt+rTaoufMxEzXbS26Uid0NwaJd123HcoB80TgubEppxxIGdNxCx50fEoEWQA==
  dependencies:
    string-convert "^0.2.0"

lodash-es@^4.17.21:
  version "4.17.21"
  resolved "https://registry.npmmirror.com/lodash-es/-/lodash-es-4.17.21.tgz#43e626c46e6591b7750beb2b50117390c609e3ee"
  integrity sha512-mKnC+QJ9pWVzv+C4/U3rRsHapFfHvQFoFB92e52xeyGMcX6/OlIl78je1u8vePzYZSkkogMPJ2yjxxsb89cxyw==

lodash@^4.0.1, lodash@^4.17.21:
  version "4.17.21"
  resolved "https://registry.npmmirror.com/lodash/-/lodash-4.17.21.tgz#679591c564c3bffaae8454cf0b3df370c3d6911c"
  integrity sha512-v2kDEe57lecTulaDIuNTPy3Ry4gLGJ6Z1O3vE1krgXZNrsQ+LFTGHVxVjcXPs17LhbZVGedAJv8XZ1tvj5FvSg==

omit.js@^2.0.2:
  version "2.0.2"
  resolved "https://registry.npmmirror.com/omit.js/-/omit.js-2.0.2.tgz#dd9b8436fab947a5f3ff214cb2538631e313ec2f"
  integrity sha512-hJmu9D+bNB40YpL9jYebQl4lsTW6yEHRTroJzNLqQJYHm7c+NQnJGfZmIWh8S3q3KoaxV1aLhV6B3+0N0/kyJg==

prettier@^3.3.3:
  version "3.3.3"
  resolved "https://registry.npmmirror.com/prettier/-/prettier-3.3.3.tgz#30c54fe0be0d8d12e6ae61dbb10109ea00d53105"
  integrity sha512-i2tDNA0O5IrMO757lfrdQZCc2jPNDVntV0m/+4whiDfWaTKfMNgR7Qz0NAeGz/nRqF4m5/6CLzbP4/liHt12Ew==

rc-cascader@~3.30.0:
  version "3.30.0"
  resolved "https://registry.npmmirror.com/rc-cascader/-/rc-cascader-3.30.0.tgz#da3e35cadcc00c58c62a6757eca6c7147ff94ea8"
  integrity sha512-rrzSbk1Bdqbu+pDwiLCLHu72+lwX9BZ28+JKzoi0DWZ4N29QYFeip8Gctl33QVd2Xg3Rf14D3yAOG76ElJw16w==
  dependencies:
    "@babel/runtime" "^7.25.7"
    classnames "^2.3.1"
    rc-select "~14.16.2"
    rc-tree "~5.10.1"
    rc-util "^5.43.0"

rc-checkbox@~3.3.0:
  version "3.3.0"
  resolved "https://registry.npmmirror.com/rc-checkbox/-/rc-checkbox-3.3.0.tgz#0ffcb65ab78c7d2fcd1a0d6554af36786516bd02"
  integrity sha512-Ih3ZaAcoAiFKJjifzwsGiT/f/quIkxJoklW4yKGho14Olulwn8gN7hOBve0/WGDg5o/l/5mL0w7ff7/YGvefVw==
  dependencies:
    "@babel/runtime" "^7.10.1"
    classnames "^2.3.2"
    rc-util "^5.25.2"

rc-collapse@~3.9.0:
  version "3.9.0"
  resolved "https://registry.npmmirror.com/rc-collapse/-/rc-collapse-3.9.0.tgz#972404ce7724e1c9d1d2476543e1175404a36806"
  integrity sha512-swDdz4QZ4dFTo4RAUMLL50qP0EY62N2kvmk2We5xYdRwcRn8WcYtuetCJpwpaCbUfUt5+huLpVxhvmnK+PHrkA==
  dependencies:
    "@babel/runtime" "^7.10.1"
    classnames "2.x"
    rc-motion "^2.3.4"
    rc-util "^5.27.0"

rc-dialog@~9.6.0:
  version "9.6.0"
  resolved "https://registry.npmmirror.com/rc-dialog/-/rc-dialog-9.6.0.tgz#dc7a255c6ad1cb56021c3a61c7de86ee88c7c371"
  integrity sha512-ApoVi9Z8PaCQg6FsUzS8yvBEQy0ZL2PkuvAgrmohPkN3okps5WZ5WQWPc1RNuiOKaAYv8B97ACdsFU5LizzCqg==
  dependencies:
    "@babel/runtime" "^7.10.1"
    "@rc-component/portal" "^1.0.0-8"
    classnames "^2.2.6"
    rc-motion "^2.3.0"
    rc-util "^5.21.0"

rc-drawer@~7.2.0:
  version "7.2.0"
  resolved "https://registry.npmmirror.com/rc-drawer/-/rc-drawer-7.2.0.tgz#8d7de2f1fd52f3ac5a25f54afbb8ac14c62e5663"
  integrity sha512-9lOQ7kBekEJRdEpScHvtmEtXnAsy+NGDXiRWc2ZVC7QXAazNVbeT4EraQKYwCME8BJLa8Bxqxvs5swwyOepRwg==
  dependencies:
    "@babel/runtime" "^7.23.9"
    "@rc-component/portal" "^1.1.1"
    classnames "^2.2.6"
    rc-motion "^2.6.1"
    rc-util "^5.38.1"

rc-dropdown@~4.2.0:
  version "4.2.0"
  resolved "https://registry.npmmirror.com/rc-dropdown/-/rc-dropdown-4.2.0.tgz#c6052fcfe9c701487b141e411cdc277dc7c6f061"
  integrity sha512-odM8Ove+gSh0zU27DUj5cG1gNKg7mLWBYzB5E4nNLrLwBmYEgYP43vHKDGOVZcJSVElQBI0+jTQgjnq0NfLjng==
  dependencies:
    "@babel/runtime" "^7.18.3"
    "@rc-component/trigger" "^2.0.0"
    classnames "^2.2.6"
    rc-util "^5.17.0"

rc-field-form@~2.5.1:
  version "2.5.1"
  resolved "https://registry.npmmirror.com/rc-field-form/-/rc-field-form-2.5.1.tgz#30f3c529f86aec6af27589052df9c66cec94ceb4"
  integrity sha512-33hunXwynQJyeae7LS3hMGTXNeRBjiPyPYgB0824EbmLHiXC1EBGyUwRh6xjLRy9c+en5WARYN0gJz5+JAqwig==
  dependencies:
    "@babel/runtime" "^7.18.0"
    "@rc-component/async-validator" "^5.0.3"
    rc-util "^5.32.2"

rc-image@~7.11.0:
  version "7.11.0"
  resolved "https://registry.npmmirror.com/rc-image/-/rc-image-7.11.0.tgz#18c77ea557a6fdbe26856c688a9aace1505c0e77"
  integrity sha512-aZkTEZXqeqfPZtnSdNUnKQA0N/3MbgR7nUnZ+/4MfSFWPFHZau4p5r5ShaI0KPEMnNjv4kijSCFq/9wtJpwykw==
  dependencies:
    "@babel/runtime" "^7.11.2"
    "@rc-component/portal" "^1.0.2"
    classnames "^2.2.6"
    rc-dialog "~9.6.0"
    rc-motion "^2.6.2"
    rc-util "^5.34.1"

rc-input-number@~9.3.0:
  version "9.3.0"
  resolved "https://registry.npmmirror.com/rc-input-number/-/rc-input-number-9.3.0.tgz#3403c1071fcb9dbf91073faddd80ea83bd3974df"
  integrity sha512-JQ363ywqRyxwgVxpg2z2kja3CehTpYdqR7emJ/6yJjRdbvo+RvfE83fcpBCIJRq3zLp8SakmEXq60qzWyZ7Usw==
  dependencies:
    "@babel/runtime" "^7.10.1"
    "@rc-component/mini-decimal" "^1.0.1"
    classnames "^2.2.5"
    rc-input "~1.6.0"
    rc-util "^5.40.1"

rc-input@~1.6.0, rc-input@~1.6.3:
  version "1.6.3"
  resolved "https://registry.npmmirror.com/rc-input/-/rc-input-1.6.3.tgz#f1708fc3d5e68f95cb20faeb3eed1df8543cd444"
  integrity sha512-wI4NzuqBS8vvKr8cljsvnTUqItMfG1QbJoxovCgL+DX4eVUcHIjVwharwevIxyy7H/jbLryh+K7ysnJr23aWIA==
  dependencies:
    "@babel/runtime" "^7.11.1"
    classnames "^2.2.1"
    rc-util "^5.18.1"

rc-mentions@~2.17.0:
  version "2.17.0"
  resolved "https://registry.npmmirror.com/rc-mentions/-/rc-mentions-2.17.0.tgz#d16dd5c8e4db87862c1007f7195b0aea9247cdcd"
  integrity sha512-sfHy+qLvc+p8jx8GUsujZWXDOIlIimp6YQz7N5ONQ6bHsa2kyG+BLa5k2wuxgebBbH97is33wxiyq5UkiXRpHA==
  dependencies:
    "@babel/runtime" "^7.22.5"
    "@rc-component/trigger" "^2.0.0"
    classnames "^2.2.6"
    rc-input "~1.6.0"
    rc-menu "~9.16.0"
    rc-textarea "~1.8.0"
    rc-util "^5.34.1"

rc-menu@~9.16.0:
  version "9.16.0"
  resolved "https://registry.npmmirror.com/rc-menu/-/rc-menu-9.16.0.tgz#53647f60f513bfa09bfc1accbd96a8df24900121"
  integrity sha512-vAL0yqPkmXWk3+YKRkmIR8TYj3RVdEt3ptG2jCJXWNAvQbT0VJJdRyHZ7kG/l1JsZlB+VJq/VcYOo69VR4oD+w==
  dependencies:
    "@babel/runtime" "^7.10.1"
    "@rc-component/trigger" "^2.0.0"
    classnames "2.x"
    rc-motion "^2.4.3"
    rc-overflow "^1.3.1"
    rc-util "^5.27.0"

rc-motion@^2.0.0, rc-motion@^2.0.1, rc-motion@^2.3.0, rc-motion@^2.3.4, rc-motion@^2.4.3, rc-motion@^2.4.4, rc-motion@^2.6.1, rc-motion@^2.6.2, rc-motion@^2.9.0, rc-motion@^2.9.3:
  version "2.9.3"
  resolved "https://registry.npmmirror.com/rc-motion/-/rc-motion-2.9.3.tgz#b1bdaf816f1ccb3e4b3b0c531c3037a59286379e"
  integrity sha512-rkW47ABVkic7WEB0EKJqzySpvDqwl60/tdkY7hWP7dYnh5pm0SzJpo54oW3TDUGXV5wfxXFmMkxrzRRbotQ0+w==
  dependencies:
    "@babel/runtime" "^7.11.1"
    classnames "^2.2.1"
    rc-util "^5.43.0"

rc-notification@~5.6.2:
  version "5.6.2"
  resolved "https://registry.npmmirror.com/rc-notification/-/rc-notification-5.6.2.tgz#8525b32d49dd96ec974acae61d1d1eabde61463a"
  integrity sha512-Id4IYMoii3zzrG0lB0gD6dPgJx4Iu95Xu0BQrhHIbp7ZnAZbLqdqQ73aIWH0d0UFcElxwaKjnzNovTjo7kXz7g==
  dependencies:
    "@babel/runtime" "^7.10.1"
    classnames "2.x"
    rc-motion "^2.9.0"
    rc-util "^5.20.1"

rc-overflow@^1.3.1, rc-overflow@^1.3.2:
  version "1.3.2"
  resolved "https://registry.npmmirror.com/rc-overflow/-/rc-overflow-1.3.2.tgz#72ee49e85a1308d8d4e3bd53285dc1f3e0bcce2c"
  integrity sha512-nsUm78jkYAoPygDAcGZeC2VwIg/IBGSodtOY3pMof4W3M9qRJgqaDYm03ZayHlde3I6ipliAxbN0RUcGf5KOzw==
  dependencies:
    "@babel/runtime" "^7.11.1"
    classnames "^2.2.1"
    rc-resize-observer "^1.0.0"
    rc-util "^5.37.0"

rc-pagination@~4.3.0:
  version "4.3.0"
  resolved "https://registry.npmmirror.com/rc-pagination/-/rc-pagination-4.3.0.tgz#c6022f820aa3a45fd734ae33a2915d39597dce1d"
  integrity sha512-UubEWA0ShnroQ1tDa291Fzw6kj0iOeF26IsUObxYTpimgj4/qPCWVFl18RLZE+0Up1IZg0IK4pMn6nB3mjvB7g==
  dependencies:
    "@babel/runtime" "^7.10.1"
    classnames "^2.3.2"
    rc-util "^5.38.0"

rc-picker@~4.8.1:
  version "4.8.1"
  resolved "https://registry.npmmirror.com/rc-picker/-/rc-picker-4.8.1.tgz#105cfae323bf1db5e9f9e6fdc773ff3250e837de"
  integrity sha512-lj9hXXMSkbjFUIhfQh8XH698ybxnoBOfq7pdM1FvfSyDwdFhdQa7dvsIYwo6Uz7Zp1wVkfw5rOJO3MpdWzoHsg==
  dependencies:
    "@babel/runtime" "^7.24.7"
    "@rc-component/trigger" "^2.0.0"
    classnames "^2.2.1"
    rc-overflow "^1.3.2"
    rc-resize-observer "^1.4.0"
    rc-util "^5.43.0"

rc-progress@~4.0.0:
  version "4.0.0"
  resolved "https://registry.npmmirror.com/rc-progress/-/rc-progress-4.0.0.tgz#5382147d9add33d3a5fbd264001373df6440e126"
  integrity sha512-oofVMMafOCokIUIBnZLNcOZFsABaUw8PPrf1/y0ZBvKZNpOiu5h4AO9vv11Sw0p4Hb3D0yGWuEattcQGtNJ/aw==
  dependencies:
    "@babel/runtime" "^7.10.1"
    classnames "^2.2.6"
    rc-util "^5.16.1"

rc-rate@~2.13.0:
  version "2.13.0"
  resolved "https://registry.npmmirror.com/rc-rate/-/rc-rate-2.13.0.tgz#642f591ccf55c3a5d84d8d212caf1f7951d203a8"
  integrity sha512-oxvx1Q5k5wD30sjN5tqAyWTvJfLNNJn7Oq3IeS4HxWfAiC4BOXMITNAsw7u/fzdtO4MS8Ki8uRLOzcnEuoQiAw==
  dependencies:
    "@babel/runtime" "^7.10.1"
    classnames "^2.2.5"
    rc-util "^5.0.1"

rc-resize-observer@^1.0.0, rc-resize-observer@^1.1.0, rc-resize-observer@^1.3.1, rc-resize-observer@^1.4.0:
  version "1.4.0"
  resolved "https://registry.npmmirror.com/rc-resize-observer/-/rc-resize-observer-1.4.0.tgz#7bba61e6b3c604834980647cce6451914750d0cc"
  integrity sha512-PnMVyRid9JLxFavTjeDXEXo65HCRqbmLBw9xX9gfC4BZiSzbLXKzW3jPz+J0P71pLbD5tBMTT+mkstV5gD0c9Q==
  dependencies:
    "@babel/runtime" "^7.20.7"
    classnames "^2.2.1"
    rc-util "^5.38.0"
    resize-observer-polyfill "^1.5.1"

rc-segmented@~2.5.0:
  version "2.5.0"
  resolved "https://registry.npmmirror.com/rc-segmented/-/rc-segmented-2.5.0.tgz#3b5423adf57459345c77c39c7581fde786a16c11"
  integrity sha512-B28Fe3J9iUFOhFJET3RoXAPFJ2u47QvLSYcZWC4tFYNGPEjug5LAxEasZlA/PpAxhdOPqGWsGbSj7ftneukJnw==
  dependencies:
    "@babel/runtime" "^7.11.1"
    classnames "^2.2.1"
    rc-motion "^2.4.4"
    rc-util "^5.17.0"

rc-select@~14.16.2, rc-select@~14.16.3:
  version "14.16.3"
  resolved "https://registry.npmmirror.com/rc-select/-/rc-select-14.16.3.tgz#cd5395ef724d693a8f782ddd7bcc6253c31c65a9"
  integrity sha512-51+j6s3fJJJXB7E+B6W1hM4Tjzv1B/Decooz9ilgegDBt3ZAth1b/xMwYCTrT5BbG2e53XACQsyDib2+3Ro1fg==
  dependencies:
    "@babel/runtime" "^7.10.1"
    "@rc-component/trigger" "^2.1.1"
    classnames "2.x"
    rc-motion "^2.0.1"
    rc-overflow "^1.3.1"
    rc-util "^5.16.1"
    rc-virtual-list "^3.5.2"

rc-slider@~11.1.7:
  version "11.1.7"
  resolved "https://registry.npmmirror.com/rc-slider/-/rc-slider-11.1.7.tgz#3de333b1ec84d53a7bda2f816bb4779423628f09"
  integrity sha512-ytYbZei81TX7otdC0QvoYD72XSlxvTihNth5OeZ6PMXyEDq/vHdWFulQmfDGyXK1NwKwSlKgpvINOa88uT5g2A==
  dependencies:
    "@babel/runtime" "^7.10.1"
    classnames "^2.2.5"
    rc-util "^5.36.0"

rc-steps@~6.0.1:
  version "6.0.1"
  resolved "https://registry.npmmirror.com/rc-steps/-/rc-steps-6.0.1.tgz#c2136cd0087733f6d509209a84a5c80dc29a274d"
  integrity sha512-lKHL+Sny0SeHkQKKDJlAjV5oZ8DwCdS2hFhAkIjuQt1/pB81M0cA0ErVFdHq9+jmPmFw1vJB2F5NBzFXLJxV+g==
  dependencies:
    "@babel/runtime" "^7.16.7"
    classnames "^2.2.3"
    rc-util "^5.16.1"

rc-switch@~4.1.0:
  version "4.1.0"
  resolved "https://registry.npmmirror.com/rc-switch/-/rc-switch-4.1.0.tgz#f37d81b4e0c5afd1274fd85367b17306bf25e7d7"
  integrity sha512-TI8ufP2Az9oEbvyCeVE4+90PDSljGyuwix3fV58p7HV2o4wBnVToEyomJRVyTaZeqNPAp+vqeo4Wnj5u0ZZQBg==
  dependencies:
    "@babel/runtime" "^7.21.0"
    classnames "^2.2.1"
    rc-util "^5.30.0"

rc-table@~7.48.1:
  version "7.48.1"
  resolved "https://registry.npmmirror.com/rc-table/-/rc-table-7.48.1.tgz#16ee3d82fa17284628d7883933b5d481238ea013"
  integrity sha512-Z4mDKjWg+xz/Ezdw6ivWcbqRpaJ0QfCORRoRrlrw65KSGZLK8OcTdacH22/fyGb8L4It/0/9qcMm8VrVAk/WBw==
  dependencies:
    "@babel/runtime" "^7.10.1"
    "@rc-component/context" "^1.4.0"
    classnames "^2.2.5"
    rc-resize-observer "^1.1.0"
    rc-util "^5.41.0"
    rc-virtual-list "^3.14.2"

rc-tabs@~15.4.0:
  version "15.4.0"
  resolved "https://registry.npmmirror.com/rc-tabs/-/rc-tabs-15.4.0.tgz#a829cabcb33f93525b548010f5bbf91dee7ac1d6"
  integrity sha512-llKuyiAVqmXm2z7OrmhX5cNb2ueZaL8ZyA2P4R+6/72NYYcbEgOXibwHiQCFY2RiN3swXl53SIABi2CumUS02g==
  dependencies:
    "@babel/runtime" "^7.11.2"
    classnames "2.x"
    rc-dropdown "~4.2.0"
    rc-menu "~9.16.0"
    rc-motion "^2.6.2"
    rc-resize-observer "^1.0.0"
    rc-util "^5.34.1"

rc-textarea@~1.8.0, rc-textarea@~1.8.2:
  version "1.8.2"
  resolved "https://registry.npmmirror.com/rc-textarea/-/rc-textarea-1.8.2.tgz#57a6847304551c1883fc3fb0c5076d587f70bf7f"
  integrity sha512-UFAezAqltyR00a8Lf0IPAyTd29Jj9ee8wt8DqXyDMal7r/Cg/nDt3e1OOv3Th4W6mKaZijjgwuPXhAfVNTN8sw==
  dependencies:
    "@babel/runtime" "^7.10.1"
    classnames "^2.2.1"
    rc-input "~1.6.0"
    rc-resize-observer "^1.0.0"
    rc-util "^5.27.0"

rc-tooltip@~6.2.1:
  version "6.2.1"
  resolved "https://registry.npmmirror.com/rc-tooltip/-/rc-tooltip-6.2.1.tgz#9a8f0335c86443a0c20c2557933205f645a381b7"
  integrity sha512-rws0duD/3sHHsD905Nex7FvoUGy2UBQRhTkKxeEvr2FB+r21HsOxcDJI0TzyO8NHhnAA8ILr8pfbSBg5Jj5KBg==
  dependencies:
    "@babel/runtime" "^7.11.2"
    "@rc-component/trigger" "^2.0.0"
    classnames "^2.3.1"

rc-tree-select@~5.24.4:
  version "5.24.4"
  resolved "https://registry.npmmirror.com/rc-tree-select/-/rc-tree-select-5.24.4.tgz#6789b8761daf53a8b91b75e9e6c4f720a7e8cc92"
  integrity sha512-MzljkSkk7weKOcE853UtYlXB6uyUEzcEQhhpaCwE6jQPbmBUgGiRURuKWpYUnM/dXrwTTlCK969M6Pgjj35MLA==
  dependencies:
    "@babel/runtime" "^7.25.7"
    classnames "2.x"
    rc-select "~14.16.2"
    rc-tree "~5.10.1"
    rc-util "^5.43.0"

rc-tree@~5.10.1:
  version "5.10.1"
  resolved "https://registry.npmmirror.com/rc-tree/-/rc-tree-5.10.1.tgz#8807614c54aaa39edc05392f0f5982b609d95255"
  integrity sha512-FPXb3tT/u39mgjr6JNlHaUTYfHkVGW56XaGDahDpEFLGsnPxGcVLNTjcqoQb/GNbSCycl7tD7EvIymwOTP0+Yw==
  dependencies:
    "@babel/runtime" "^7.10.1"
    classnames "2.x"
    rc-motion "^2.0.1"
    rc-util "^5.16.1"
    rc-virtual-list "^3.5.1"

rc-upload@~4.8.1:
  version "4.8.1"
  resolved "https://registry.npmmirror.com/rc-upload/-/rc-upload-4.8.1.tgz#ac55f2bc101b95b52a6e47f3c18f0f55b54e16d2"
  integrity sha512-toEAhwl4hjLAI1u8/CgKWt30BR06ulPa4iGQSMvSXoHzO88gPCslxqV/mnn4gJU7PDoltGIC9Eh+wkeudqgHyw==
  dependencies:
    "@babel/runtime" "^7.18.3"
    classnames "^2.2.5"
    rc-util "^5.2.0"

rc-util@^5.0.1, rc-util@^5.0.6, rc-util@^5.16.1, rc-util@^5.17.0, rc-util@^5.18.1, rc-util@^5.2.0, rc-util@^5.20.1, rc-util@^5.21.0, rc-util@^5.24.4, rc-util@^5.25.2, rc-util@^5.27.0, rc-util@^5.30.0, rc-util@^5.31.1, rc-util@^5.32.2, rc-util@^5.34.1, rc-util@^5.35.0, rc-util@^5.36.0, rc-util@^5.37.0, rc-util@^5.38.0, rc-util@^5.38.1, rc-util@^5.4.0, rc-util@^5.40.1, rc-util@^5.41.0, rc-util@^5.43.0:
  version "5.43.0"
  resolved "https://registry.npmmirror.com/rc-util/-/rc-util-5.43.0.tgz#bba91fbef2c3e30ea2c236893746f3e9b05ecc4c"
  integrity sha512-AzC7KKOXFqAdIBqdGWepL9Xn7cm3vnAmjlHqUnoQaTMZYhM4VlXGLkkHHxj/BZ7Td0+SOPKB4RGPboBVKT9htw==
  dependencies:
    "@babel/runtime" "^7.18.3"
    react-is "^18.2.0"

rc-virtual-list@^3.14.2, rc-virtual-list@^3.5.1, rc-virtual-list@^3.5.2:
  version "3.15.0"
  resolved "https://registry.npmmirror.com/rc-virtual-list/-/rc-virtual-list-3.15.0.tgz#45c5b1ef1363287214e0a3c17af29ee0c3764764"
  integrity sha512-dF2YQztqrU3ijAeWOqscTshCEr7vpimzSqAVjO1AyAmaqcHulaXpnGR0ptK5PXfxTUy48VkJOiglMIxlkYGs0w==
  dependencies:
    "@babel/runtime" "^7.20.0"
    classnames "^2.2.6"
    rc-resize-observer "^1.0.0"
    rc-util "^5.36.0"

react-is@^18.2.0:
  version "18.3.1"
  resolved "https://registry.npmmirror.com/react-is/-/react-is-18.3.1.tgz#e83557dc12eae63a99e003a46388b1dcbb44db7e"
  integrity sha512-/LLMVyas0ljjAtoYiPqYiL8VWXzUUdThrmU5+n20DZv+a+ClRoevUzw5JxU+Ieh5/c87ytoTBV9G1FiKfNJdmg==

reactcss@^1.2.3:
  version "1.2.3"
  resolved "https://registry.npmmirror.com/reactcss/-/reactcss-1.2.3.tgz#c00013875e557b1cf0dfd9a368a1c3dab3b548dd"
  integrity sha512-KiwVUcFu1RErkI97ywr8nvx8dNOpT03rbnma0SSalTYjkrPYaEajR4a/MRt6DZ46K6arDRbWMNHF+xH7G7n/8A==
  dependencies:
    lodash "^4.0.1"

regenerator-runtime@^0.14.0:
  version "0.14.1"
  resolved "https://registry.npmmirror.com/regenerator-runtime/-/regenerator-runtime-0.14.1.tgz#356ade10263f685dda125100cd862c1db895327f"
  integrity sha512-dYnhHh0nJoMfnkZs6GmmhFknAGRrLznOu5nc9ML+EJxGvrx6H7teuevqVqCuPcPK//3eDrrjQhehXVx9cnkGdw==

resize-observer-polyfill@^1.5.1:
  version "1.5.1"
  resolved "https://registry.npmmirror.com/resize-observer-polyfill/-/resize-observer-polyfill-1.5.1.tgz#0e9020dd3d21024458d4ebd27e23e40269810464"
  integrity sha512-LwZrotdHOo12nQuZlHEmtuXdqGoOD0OhaxopaNFxWzInpEgaLWoVuAMbTzixuosCx2nEG58ngzW3vxdWoxIgdg==

safe-stable-stringify@^2.4.3:
  version "2.5.0"
  resolved "https://registry.npmmirror.com/safe-stable-stringify/-/safe-stable-stringify-2.5.0.tgz#4ca2f8e385f2831c432a719b108a3bf7af42a1dd"
  integrity sha512-b3rppTKm9T+PsVCBEOUR46GWI7fdOs00VKZ1+9c1EWDaDMvjQc6tUwuFyIprgGgTcWoVHSKrU8H31ZHA2e0RHA==

scroll-into-view-if-needed@^3.1.0:
  version "3.1.0"
  resolved "https://registry.npmmirror.com/scroll-into-view-if-needed/-/scroll-into-view-if-needed-3.1.0.tgz#fa9524518c799b45a2ef6bbffb92bcad0296d01f"
  integrity sha512-49oNpRjWRvnU8NyGVmUaYG4jtTkNonFZI86MmGRDqBphEK2EXT9gdEUoQPZhuBM8yWHxCWbobltqYO5M4XrUvQ==
  dependencies:
    compute-scroll-into-view "^3.0.2"

ssf@~0.11.2:
  version "0.11.2"
  resolved "https://registry.npmmirror.com/ssf/-/ssf-0.11.2.tgz#0b99698b237548d088fc43cdf2b70c1a7512c06c"
  integrity sha512-+idbmIXoYET47hH+d7dfm2epdOMUDjqcB4648sTZ+t2JwoyBFL/insLfB/racrDmsKB3diwsDA696pZMieAC5g==
  dependencies:
    frac "~1.1.2"

string-convert@^0.2.0:
  version "0.2.1"
  resolved "https://registry.npmmirror.com/string-convert/-/string-convert-0.2.1.tgz#6982cc3049fbb4cd85f8b24568b9d9bf39eeff97"
  integrity sha512-u/1tdPl4yQnPBjnVrmdLo9gtuLvELKsAoRapekWggdiQNvvvum+jYF329d84NAa660KQw7pB2n36KrIKVoXa3A==

stylis@^4.3.4:
  version "4.3.4"
  resolved "https://registry.npmmirror.com/stylis/-/stylis-4.3.4.tgz#ca5c6c4a35c4784e4e93a2a24dc4e9fa075250a4"
  integrity sha512-osIBl6BGUmSfDkyH2mB7EFvCJntXDrLhKjHTRj/rK6xLH0yuPrHULDRQzKokSOD4VoorhtKpfcfW1GAntu8now==

swr@^2.0.0:
  version "2.2.5"
  resolved "https://registry.npmmirror.com/swr/-/swr-2.2.5.tgz#063eea0e9939f947227d5ca760cc53696f46446b"
  integrity sha512-QtxqyclFeAsxEUeZIYmsaQ0UjimSq1RZ9Un7I68/0ClKK/U3LoyQunwkQfJZr2fc22DfIXLNDc2wFyTEikCUpg==
  dependencies:
    client-only "^0.0.1"
    use-sync-external-store "^1.2.0"

throttle-debounce@^5.0.0, throttle-debounce@^5.0.2:
  version "5.0.2"
  resolved "https://registry.npmmirror.com/throttle-debounce/-/throttle-debounce-5.0.2.tgz#ec5549d84e053f043c9fd0f2a6dd892ff84456b1"
  integrity sha512-B71/4oyj61iNH0KeCamLuE2rmKuTO5byTOSVwECM5FA7TiAiAW+UqTKZ9ERueC4qvgSttUhdmq1mXC3kJqGX7A==

tinycolor2@^1.4.2:
  version "1.6.0"
  resolved "https://registry.npmmirror.com/tinycolor2/-/tinycolor2-1.6.0.tgz#f98007460169b0263b97072c5ae92484ce02d09e"
  integrity sha512-XPaBkWQJdsf3pLKJV9p4qN/S+fm2Oj8AIPo1BTUhg5oxkvm9+SVEGFdhyOz7tTdUTfvxMiAs4sp6/eZO2Ew+pw==

toggle-selection@^1.0.6:
  version "1.0.6"
  resolved "https://registry.npmmirror.com/toggle-selection/-/toggle-selection-1.0.6.tgz#6e45b1263f2017fa0acc7d89d78b15b8bf77da32"
  integrity sha512-BiZS+C1OS8g/q2RRbJmy59xpyghNBqrr6k5L/uKBGRsTfxmu3ffiRnd8mlGPUVayg8pvfi5urfnu8TU7DVOkLQ==

tslib@^2.0.0:
  version "2.8.1"
  resolved "https://registry.npmmirror.com/tslib/-/tslib-2.8.1.tgz#612efe4ed235d567e8aba5f2a5fab70280ade83f"
  integrity sha512-oJFu94HQb+KVduSUQL7wnpmqnfmLsOA/nAh6b6EH0wCEoK0/mPeXU6c3wKDV83MkOuHPRHtSXKKU99IBazS/2w==

typescript@^5.6.3:
  version "5.6.3"
  resolved "https://registry.npmmirror.com/typescript/-/typescript-5.6.3.tgz#5f3449e31c9d94febb17de03cc081dd56d81db5b"
  integrity sha512-hjcS1mhfuyi4WW8IWtjP7brDrG2cuDZukyrYrSauoXGNgx0S7zceP07adYkJycEr56BOUTNPzbInooiN3fn1qw==

use-sync-external-store@^1.2.0:
  version "1.2.2"
  resolved "https://registry.npmmirror.com/use-sync-external-store/-/use-sync-external-store-1.2.2.tgz#c3b6390f3a30eba13200d2302dcdf1e7b57b2ef9"
  integrity sha512-PElTlVMwpblvbNqQ82d2n6RjStvdSoNe9FG28kNfz3WiXilJm4DdNkEzRhCZuIDwY8U08WVihhGR5iRqAwfDiw==

wmf@~1.0.1:
  version "1.0.2"
  resolved "https://registry.npmmirror.com/wmf/-/wmf-1.0.2.tgz#7d19d621071a08c2bdc6b7e688a9c435298cc2da"
  integrity sha512-/p9K7bEh0Dj6WbXg4JG0xvLQmIadrner1bi45VMJTfnbVHsc7yIajZyoSoK60/dtVBs12Fm6WkUI5/3WAVsNMw==

word@~0.3.0:
  version "0.3.0"
  resolved "https://registry.npmmirror.com/word/-/word-0.3.0.tgz#8542157e4f8e849f4a363a288992d47612db9961"
  integrity sha512-OELeY0Q61OXpdUfTp+oweA/vtLVg5VDOXh+3he3PNzLGG/y0oylSOC1xRVj0+l4vQ3tj/bB1HVHv1ocXkQceFA==

xlsx@^0.18.5:
  version "0.18.5"
  resolved "https://registry.npmmirror.com/xlsx/-/xlsx-0.18.5.tgz#16711b9113c848076b8a177022799ad356eba7d0"
  integrity sha512-dmg3LCjBPHZnQp5/F/+nnTa+miPJxUXB6vtk42YjBBKayDNagxGEeIdWApkYPOf3Z3pm3k62Knjzp7lMeTEtFQ==
  dependencies:
    adler-32 "~1.3.0"
    cfb "~1.2.1"
    codepage "~1.15.0"
    crc-32 "~1.2.1"
    ssf "~0.11.2"
    wmf "~1.0.1"
    word "~0.3.0"
